// !$*UTF8*$!
{
	archiveVersion = 1;
	classes = {
	};
	objectVersion = 56;
	objects = {

/* Begin PBXBuildFile section */
		B21790DE2918D6F300C8ED09 /* PostViewModelSpec.swift in Sources */ = {isa = PBXBuildFile; fileRef = B21790DD2918D6F300C8ED09 /* PostViewModelSpec.swift */; };
		B21790E82918D6F300C8ED09 /* CleanSecondUITests.swift in Sources */ = {isa = PBXBuildFile; fileRef = B21790E72918D6F300C8ED09 /* CleanSecondUITests.swift */; };
		B21790EA2918D6F300C8ED09 /* CleanSecondUITestsLaunchTests.swift in Sources */ = {isa = PBXBuildFile; fileRef = B21790E92918D6F300C8ED09 /* CleanSecondUITestsLaunchTests.swift */; };
		B2179136291B645100C8ED09 /* CleanSecondApp.swift in Sources */ = {isa = PBXBuildFile; fileRef = B2179126291B644F00C8ED09 /* CleanSecondApp.swift */; };
		B2179137291B645100C8ED09 /* PostView.swift in Sources */ = {isa = PBXBuildFile; fileRef = B2179127291B645000C8ED09 /* PostView.swift */; };
		B2179138291B645100C8ED09 /* Preview Assets.xcassets in Resources */ = {isa = PBXBuildFile; fileRef = B2179129291B645000C8ED09 /* Preview Assets.xcassets */; };
		B217913B291B645100C8ED09 /* PostViewModel.swift in Sources */ = {isa = PBXBuildFile; fileRef = B217912F291B645000C8ED09 /* PostViewModel.swift */; };
		B217913C291B645100C8ED09 /* PostEvents.swift in Sources */ = {isa = PBXBuildFile; fileRef = B2179131291B645000C8ED09 /* PostEvents.swift */; };
		B217913D291B645100C8ED09 /* PostsUseCase.swift in Sources */ = {isa = PBXBuildFile; fileRef = B2179132291B645000C8ED09 /* PostsUseCase.swift */; };
		B217913E291B645100C8ED09 /* PostUseCaseHandler.swift in Sources */ = {isa = PBXBuildFile; fileRef = B2179133291B645000C8ED09 /* PostUseCaseHandler.swift */; };
		B217913F291B645100C8ED09 /* PostsState.swift in Sources */ = {isa = PBXBuildFile; fileRef = B2179134291B645000C8ED09 /* PostsState.swift */; };
		B2179140291B645100C8ED09 /* Assets.xcassets in Resources */ = {isa = PBXBuildFile; fileRef = B2179135291B645100C8ED09 /* Assets.xcassets */; };
		B2845FC2291D6AE000BDE957 /* LoginView.swift in Sources */ = {isa = PBXBuildFile; fileRef = B2845FC1291D6AE000BDE957 /* LoginView.swift */; };
		B2845FC5291D6B0F00BDE957 /* PrimaryButton.swift in Sources */ = {isa = PBXBuildFile; fileRef = B2845FC4291D6B0F00BDE957 /* PrimaryButton.swift */; };
		B2845FC7291D6B3600BDE957 /* InputField.swift in Sources */ = {isa = PBXBuildFile; fileRef = B2845FC6291D6B3600BDE957 /* InputField.swift */; };
		B2845FCB291D6BD000BDE957 /* LoginEvent.swift in Sources */ = {isa = PBXBuildFile; fileRef = B2845FCA291D6BD000BDE957 /* LoginEvent.swift */; };
		B2845FCD291D6D1100BDE957 /* LoginUseCase.swift in Sources */ = {isa = PBXBuildFile; fileRef = B2845FCC291D6D1100BDE957 /* LoginUseCase.swift */; };
		B2845FCF291D6D3600BDE957 /* LoginUseCaseHandler.swift in Sources */ = {isa = PBXBuildFile; fileRef = B2845FCE291D6D3600BDE957 /* LoginUseCaseHandler.swift */; };
		B2845FD1291D764500BDE957 /* LoginViewModel.swift in Sources */ = {isa = PBXBuildFile; fileRef = B2845FD0291D764500BDE957 /* LoginViewModel.swift */; };
		B2845FD3291D7BC000BDE957 /* SecondaryButton.swift in Sources */ = {isa = PBXBuildFile; fileRef = B2845FD2291D7BC000BDE957 /* SecondaryButton.swift */; };
		B2845FD6291D80CA00BDE957 /* RegiterView.swift in Sources */ = {isa = PBXBuildFile; fileRef = B2845FD5291D80CA00BDE957 /* RegiterView.swift */; };
		B2845FD9291D812100BDE957 /* LoginHelpView.swift in Sources */ = {isa = PBXBuildFile; fileRef = B2845FD8291D812100BDE957 /* LoginHelpView.swift */; };
		B2845FDB291D87EE00BDE957 /* BackButton.swift in Sources */ = {isa = PBXBuildFile; fileRef = B2845FDA291D87EE00BDE957 /* BackButton.swift */; };
/* End PBXBuildFile section */

/* Begin PBXContainerItemProxy section */
		B21790DA2918D6F300C8ED09 /* PBXContainerItemProxy */ = {
			isa = PBXContainerItemProxy;
			containerPortal = B21790C12918D6EF00C8ED09 /* Project object */;
			proxyType = 1;
			remoteGlobalIDString = B21790C82918D6EF00C8ED09;
			remoteInfo = CleanSecond;
		};
		B21790E42918D6F300C8ED09 /* PBXContainerItemProxy */ = {
			isa = PBXContainerItemProxy;
			containerPortal = B21790C12918D6EF00C8ED09 /* Project object */;
			proxyType = 1;
			remoteGlobalIDString = B21790C82918D6EF00C8ED09;
			remoteInfo = CleanSecond;
		};
/* End PBXContainerItemProxy section */

/* Begin PBXFileReference section */
		B21790C92918D6EF00C8ED09 /* CleanSecond.app */ = {isa = PBXFileReference; explicitFileType = wrapper.application; includeInIndex = 0; path = CleanSecond.app; sourceTree = BUILT_PRODUCTS_DIR; };
		B21790D92918D6F300C8ED09 /* CleanSecondTests.xctest */ = {isa = PBXFileReference; explicitFileType = wrapper.cfbundle; includeInIndex = 0; path = CleanSecondTests.xctest; sourceTree = BUILT_PRODUCTS_DIR; };
		B21790DD2918D6F300C8ED09 /* PostViewModelSpec.swift */ = {isa = PBXFileReference; lastKnownFileType = sourcecode.swift; path = PostViewModelSpec.swift; sourceTree = "<group>"; };
		B21790E32918D6F300C8ED09 /* CleanSecondUITests.xctest */ = {isa = PBXFileReference; explicitFileType = wrapper.cfbundle; includeInIndex = 0; path = CleanSecondUITests.xctest; sourceTree = BUILT_PRODUCTS_DIR; };
		B21790E72918D6F300C8ED09 /* CleanSecondUITests.swift */ = {isa = PBXFileReference; lastKnownFileType = sourcecode.swift; path = CleanSecondUITests.swift; sourceTree = "<group>"; };
		B21790E92918D6F300C8ED09 /* CleanSecondUITestsLaunchTests.swift */ = {isa = PBXFileReference; lastKnownFileType = sourcecode.swift; path = CleanSecondUITestsLaunchTests.swift; sourceTree = "<group>"; };
		B2179126291B644F00C8ED09 /* CleanSecondApp.swift */ = {isa = PBXFileReference; fileEncoding = 4; lastKnownFileType = sourcecode.swift; path = CleanSecondApp.swift; sourceTree = "<group>"; };
		B2179127291B645000C8ED09 /* PostView.swift */ = {isa = PBXFileReference; fileEncoding = 4; lastKnownFileType = sourcecode.swift; path = PostView.swift; sourceTree = "<group>"; };
		B2179129291B645000C8ED09 /* Preview Assets.xcassets */ = {isa = PBXFileReference; lastKnownFileType = folder.assetcatalog; path = "Preview Assets.xcassets"; sourceTree = "<group>"; };
		B217912F291B645000C8ED09 /* PostViewModel.swift */ = {isa = PBXFileReference; fileEncoding = 4; lastKnownFileType = sourcecode.swift; path = PostViewModel.swift; sourceTree = "<group>"; };
		B2179131291B645000C8ED09 /* PostEvents.swift */ = {isa = PBXFileReference; fileEncoding = 4; lastKnownFileType = sourcecode.swift; path = PostEvents.swift; sourceTree = "<group>"; };
		B2179132291B645000C8ED09 /* PostsUseCase.swift */ = {isa = PBXFileReference; fileEncoding = 4; lastKnownFileType = sourcecode.swift; path = PostsUseCase.swift; sourceTree = "<group>"; };
		B2179133291B645000C8ED09 /* PostUseCaseHandler.swift */ = {isa = PBXFileReference; fileEncoding = 4; lastKnownFileType = sourcecode.swift; path = PostUseCaseHandler.swift; sourceTree = "<group>"; };
		B2179134291B645000C8ED09 /* PostsState.swift */ = {isa = PBXFileReference; fileEncoding = 4; lastKnownFileType = sourcecode.swift; path = PostsState.swift; sourceTree = "<group>"; };
		B2179135291B645100C8ED09 /* Assets.xcassets */ = {isa = PBXFileReference; lastKnownFileType = folder.assetcatalog; path = Assets.xcassets; sourceTree = "<group>"; };
		B2845FC1291D6AE000BDE957 /* LoginView.swift */ = {isa = PBXFileReference; lastKnownFileType = sourcecode.swift; path = LoginView.swift; sourceTree = "<group>"; };
		B2845FC4291D6B0F00BDE957 /* PrimaryButton.swift */ = {isa = PBXFileReference; lastKnownFileType = sourcecode.swift; path = PrimaryButton.swift; sourceTree = "<group>"; };
		B2845FC6291D6B3600BDE957 /* InputField.swift */ = {isa = PBXFileReference; lastKnownFileType = sourcecode.swift; path = InputField.swift; sourceTree = "<group>"; };
		B2845FCA291D6BD000BDE957 /* LoginEvent.swift */ = {isa = PBXFileReference; lastKnownFileType = sourcecode.swift; path = LoginEvent.swift; sourceTree = "<group>"; };
		B2845FCC291D6D1100BDE957 /* LoginUseCase.swift */ = {isa = PBXFileReference; lastKnownFileType = sourcecode.swift; path = LoginUseCase.swift; sourceTree = "<group>"; };
		B2845FCE291D6D3600BDE957 /* LoginUseCaseHandler.swift */ = {isa = PBXFileReference; lastKnownFileType = sourcecode.swift; path = LoginUseCaseHandler.swift; sourceTree = "<group>"; };
		B2845FD0291D764500BDE957 /* LoginViewModel.swift */ = {isa = PBXFileReference; lastKnownFileType = sourcecode.swift; path = LoginViewModel.swift; sourceTree = "<group>"; };
		B2845FD2291D7BC000BDE957 /* SecondaryButton.swift */ = {isa = PBXFileReference; lastKnownFileType = sourcecode.swift; path = SecondaryButton.swift; sourceTree = "<group>"; };
		B2845FD5291D80CA00BDE957 /* RegiterView.swift */ = {isa = PBXFileReference; lastKnownFileType = sourcecode.swift; path = RegiterView.swift; sourceTree = "<group>"; };
		B2845FD8291D812100BDE957 /* LoginHelpView.swift */ = {isa = PBXFileReference; lastKnownFileType = sourcecode.swift; path = LoginHelpView.swift; sourceTree = "<group>"; };
		B2845FDA291D87EE00BDE957 /* BackButton.swift */ = {isa = PBXFileReference; lastKnownFileType = sourcecode.swift; path = BackButton.swift; sourceTree = "<group>"; };
/* End PBXFileReference section */

/* Begin PBXFrameworksBuildPhase section */
		B21790C62918D6EF00C8ED09 /* Frameworks */ = {
			isa = PBXFrameworksBuildPhase;
			buildActionMask = 2147483647;
			files = (
			);
			runOnlyForDeploymentPostprocessing = 0;
		};
		B21790D62918D6F300C8ED09 /* Frameworks */ = {
			isa = PBXFrameworksBuildPhase;
			buildActionMask = 2147483647;
			files = (
			);
			runOnlyForDeploymentPostprocessing = 0;
		};
		B21790E02918D6F300C8ED09 /* Frameworks */ = {
			isa = PBXFrameworksBuildPhase;
			buildActionMask = 2147483647;
			files = (
			);
			runOnlyForDeploymentPostprocessing = 0;
		};
/* End PBXFrameworksBuildPhase section */

/* Begin PBXGroup section */
		B21790C02918D6EF00C8ED09 = {
			isa = PBXGroup;
			children = (
				B2179135291B645100C8ED09 /* Assets.xcassets */,
				B2179126291B644F00C8ED09 /* CleanSecondApp.swift */,
				B2179127291B645000C8ED09 /* PostView.swift */,
				B2179128291B645000C8ED09 /* Preview Content */,
				B217912A291B645000C8ED09 /* Source */,
				B21790DC2918D6F300C8ED09 /* CleanSecondTests */,
				B21790E62918D6F300C8ED09 /* CleanSecondUITests */,
				B21790CA2918D6EF00C8ED09 /* Products */,
			);
			sourceTree = "<group>";
		};
		B21790CA2918D6EF00C8ED09 /* Products */ = {
			isa = PBXGroup;
			children = (
				B21790C92918D6EF00C8ED09 /* CleanSecond.app */,
				B21790D92918D6F300C8ED09 /* CleanSecondTests.xctest */,
				B21790E32918D6F300C8ED09 /* CleanSecondUITests.xctest */,
			);
			name = Products;
			sourceTree = "<group>";
		};
		B21790DC2918D6F300C8ED09 /* CleanSecondTests */ = {
			isa = PBXGroup;
			children = (
				B21790DD2918D6F300C8ED09 /* PostViewModelSpec.swift */,
			);
			path = CleanSecondTests;
			sourceTree = "<group>";
		};
		B21790E62918D6F300C8ED09 /* CleanSecondUITests */ = {
			isa = PBXGroup;
			children = (
				B21790E72918D6F300C8ED09 /* CleanSecondUITests.swift */,
				B21790E92918D6F300C8ED09 /* CleanSecondUITestsLaunchTests.swift */,
			);
			path = CleanSecondUITests;
			sourceTree = "<group>";
		};
		B2179128291B645000C8ED09 /* Preview Content */ = {
			isa = PBXGroup;
			children = (
				B2179129291B645000C8ED09 /* Preview Assets.xcassets */,
			);
			path = "Preview Content";
			sourceTree = "<group>";
		};
		B217912A291B645000C8ED09 /* Source */ = {
			isa = PBXGroup;
			children = (
				B2845FBF291D6ACA00BDE957 /* Views */,
				B217912E291B645000C8ED09 /* Application */,
				B2179130291B645000C8ED09 /* Domain */,
			);
			path = Source;
			sourceTree = "<group>";
		};
		B217912E291B645000C8ED09 /* Application */ = {
			isa = PBXGroup;
			children = (
				B217912F291B645000C8ED09 /* PostViewModel.swift */,
			);
			path = Application;
			sourceTree = "<group>";
		};
		B2179130291B645000C8ED09 /* Domain */ = {
			isa = PBXGroup;
			children = (
				B2845FC9291D6BC100BDE957 /* Login */,
				B2845FC8291D6BBC00BDE957 /* Posts */,
				B2179131291B645000C8ED09 /* PostEvents.swift */,
				B2179132291B645000C8ED09 /* PostsUseCase.swift */,
				B2179133291B645000C8ED09 /* PostUseCaseHandler.swift */,
				B2179134291B645000C8ED09 /* PostsState.swift */,
			);
			path = Domain;
			sourceTree = "<group>";
		};
		B2845FBF291D6ACA00BDE957 /* Views */ = {
			isa = PBXGroup;
			children = (
				B2845FC3291D6B0400BDE957 /* Common */,
				B2845FD7291D810E00BDE957 /* LoginHelp */,
				B2845FD4291D80A900BDE957 /* Register */,
				B2845FC0291D6AD500BDE957 /* Login */,
			);
			path = Views;
			sourceTree = "<group>";
		};
		B2845FC0291D6AD500BDE957 /* Login */ = {
			isa = PBXGroup;
			children = (
				B2845FC1291D6AE000BDE957 /* LoginView.swift */,
			);
			path = Login;
			sourceTree = "<group>";
		};
		B2845FC3291D6B0400BDE957 /* Common */ = {
			isa = PBXGroup;
			children = (
				B2845FC4291D6B0F00BDE957 /* PrimaryButton.swift */,
				B2845FD2291D7BC000BDE957 /* SecondaryButton.swift */,
				B2845FC6291D6B3600BDE957 /* InputField.swift */,
				B2845FDA291D87EE00BDE957 /* BackButton.swift */,
			);
			path = Common;
			sourceTree = "<group>";
		};
		B2845FC8291D6BBC00BDE957 /* Posts */ = {
			isa = PBXGroup;
			children = (
			);
			path = Posts;
			sourceTree = "<group>";
		};
		B2845FC9291D6BC100BDE957 /* Login */ = {
			isa = PBXGroup;
			children = (
				B2845FCA291D6BD000BDE957 /* LoginEvent.swift */,
				B2845FCC291D6D1100BDE957 /* LoginUseCase.swift */,
				B2845FCE291D6D3600BDE957 /* LoginUseCaseHandler.swift */,
				B2845FD0291D764500BDE957 /* LoginViewModel.swift */,
			);
			path = Login;
			sourceTree = "<group>";
		};
		B2845FD4291D80A900BDE957 /* Register */ = {
			isa = PBXGroup;
			children = (
				B2845FD5291D80CA00BDE957 /* RegiterView.swift */,
			);
			path = Register;
			sourceTree = "<group>";
		};
		B2845FD7291D810E00BDE957 /* LoginHelp */ = {
			isa = PBXGroup;
			children = (
				B2845FD8291D812100BDE957 /* LoginHelpView.swift */,
			);
			path = LoginHelp;
			sourceTree = "<group>";
		};
/* End PBXGroup section */

/* Begin PBXNativeTarget section */
		B21790C82918D6EF00C8ED09 /* CleanSecond */ = {
			isa = PBXNativeTarget;
			buildConfigurationList = B21790ED2918D6F300C8ED09 /* Build configuration list for PBXNativeTarget "CleanSecond" */;
			buildPhases = (
				B21790C52918D6EF00C8ED09 /* Sources */,
				B21790C62918D6EF00C8ED09 /* Frameworks */,
				B21790C72918D6EF00C8ED09 /* Resources */,
			);
			buildRules = (
			);
			dependencies = (
			);
			name = CleanSecond;
			productName = CleanSecond;
			productReference = B21790C92918D6EF00C8ED09 /* CleanSecond.app */;
			productType = "com.apple.product-type.application";
		};
		B21790D82918D6F300C8ED09 /* CleanSecondTests */ = {
			isa = PBXNativeTarget;
			buildConfigurationList = B21790F02918D6F300C8ED09 /* Build configuration list for PBXNativeTarget "CleanSecondTests" */;
			buildPhases = (
				B21790D52918D6F300C8ED09 /* Sources */,
				B21790D62918D6F300C8ED09 /* Frameworks */,
				B21790D72918D6F300C8ED09 /* Resources */,
			);
			buildRules = (
			);
			dependencies = (
				B21790DB2918D6F300C8ED09 /* PBXTargetDependency */,
			);
			name = CleanSecondTests;
			productName = CleanSecondTests;
			productReference = B21790D92918D6F300C8ED09 /* CleanSecondTests.xctest */;
			productType = "com.apple.product-type.bundle.unit-test";
		};
		B21790E22918D6F300C8ED09 /* CleanSecondUITests */ = {
			isa = PBXNativeTarget;
			buildConfigurationList = B21790F32918D6F300C8ED09 /* Build configuration list for PBXNativeTarget "CleanSecondUITests" */;
			buildPhases = (
				B21790DF2918D6F300C8ED09 /* Sources */,
				B21790E02918D6F300C8ED09 /* Frameworks */,
				B21790E12918D6F300C8ED09 /* Resources */,
			);
			buildRules = (
			);
			dependencies = (
				B21790E52918D6F300C8ED09 /* PBXTargetDependency */,
			);
			name = CleanSecondUITests;
			productName = CleanSecondUITests;
			productReference = B21790E32918D6F300C8ED09 /* CleanSecondUITests.xctest */;
			productType = "com.apple.product-type.bundle.ui-testing";
		};
/* End PBXNativeTarget section */

/* Begin PBXProject section */
		B21790C12918D6EF00C8ED09 /* Project object */ = {
			isa = PBXProject;
			attributes = {
				BuildIndependentTargetsInParallel = 1;
				LastSwiftUpdateCheck = 1410;
				LastUpgradeCheck = 1410;
				TargetAttributes = {
					B21790C82918D6EF00C8ED09 = {
						CreatedOnToolsVersion = 14.1;
						LastSwiftMigration = 1410;
					};
					B21790D82918D6F300C8ED09 = {
						CreatedOnToolsVersion = 14.1;
						TestTargetID = B21790C82918D6EF00C8ED09;
					};
					B21790E22918D6F300C8ED09 = {
						CreatedOnToolsVersion = 14.1;
						TestTargetID = B21790C82918D6EF00C8ED09;
					};
				};
			};
			buildConfigurationList = B21790C42918D6EF00C8ED09 /* Build configuration list for PBXProject "CleanSecond" */;
			compatibilityVersion = "Xcode 14.0";
			developmentRegion = en;
			hasScannedForEncodings = 0;
			knownRegions = (
				en,
				Base,
			);
			mainGroup = B21790C02918D6EF00C8ED09;
			productRefGroup = B21790CA2918D6EF00C8ED09 /* Products */;
			projectDirPath = "";
			projectRoot = "";
			targets = (
				B21790C82918D6EF00C8ED09 /* CleanSecond */,
				B21790D82918D6F300C8ED09 /* CleanSecondTests */,
				B21790E22918D6F300C8ED09 /* CleanSecondUITests */,
			);
		};
/* End PBXProject section */

/* Begin PBXResourcesBuildPhase section */
		B21790C72918D6EF00C8ED09 /* Resources */ = {
			isa = PBXResourcesBuildPhase;
			buildActionMask = 2147483647;
			files = (
				B2179140291B645100C8ED09 /* Assets.xcassets in Resources */,
				B2179138291B645100C8ED09 /* Preview Assets.xcassets in Resources */,
			);
			runOnlyForDeploymentPostprocessing = 0;
		};
		B21790D72918D6F300C8ED09 /* Resources */ = {
			isa = PBXResourcesBuildPhase;
			buildActionMask = 2147483647;
			files = (
			);
			runOnlyForDeploymentPostprocessing = 0;
		};
		B21790E12918D6F300C8ED09 /* Resources */ = {
			isa = PBXResourcesBuildPhase;
			buildActionMask = 2147483647;
			files = (
			);
			runOnlyForDeploymentPostprocessing = 0;
		};
/* End PBXResourcesBuildPhase section */

/* Begin PBXSourcesBuildPhase section */
		B21790C52918D6EF00C8ED09 /* Sources */ = {
			isa = PBXSourcesBuildPhase;
			buildActionMask = 2147483647;
			files = (
				B2845FD3291D7BC000BDE957 /* SecondaryButton.swift in Sources */,
				B2845FCB291D6BD000BDE957 /* LoginEvent.swift in Sources */,
				B217913F291B645100C8ED09 /* PostsState.swift in Sources */,
				B217913B291B645100C8ED09 /* PostViewModel.swift in Sources */,
				B217913E291B645100C8ED09 /* PostUseCaseHandler.swift in Sources */,
				B2845FD1291D764500BDE957 /* LoginViewModel.swift in Sources */,
				B2179137291B645100C8ED09 /* PostView.swift in Sources */,
				B2845FCF291D6D3600BDE957 /* LoginUseCaseHandler.swift in Sources */,
				B217913D291B645100C8ED09 /* PostsUseCase.swift in Sources */,
				B2845FD6291D80CA00BDE957 /* RegiterView.swift in Sources */,
				B2845FC5291D6B0F00BDE957 /* PrimaryButton.swift in Sources */,
				B2845FC7291D6B3600BDE957 /* InputField.swift in Sources */,
				B217913C291B645100C8ED09 /* PostEvents.swift in Sources */,
				B2845FCD291D6D1100BDE957 /* LoginUseCase.swift in Sources */,
				B2845FDB291D87EE00BDE957 /* BackButton.swift in Sources */,
				B2845FC2291D6AE000BDE957 /* LoginView.swift in Sources */,
				B2845FD9291D812100BDE957 /* LoginHelpView.swift in Sources */,
				B2179136291B645100C8ED09 /* CleanSecondApp.swift in Sources */,
			);
			runOnlyForDeploymentPostprocessing = 0;
		};
		B21790D52918D6F300C8ED09 /* Sources */ = {
			isa = PBXSourcesBuildPhase;
			buildActionMask = 2147483647;
			files = (
				B21790DE2918D6F300C8ED09 /* PostViewModelSpec.swift in Sources */,
			);
			runOnlyForDeploymentPostprocessing = 0;
		};
		B21790DF2918D6F300C8ED09 /* Sources */ = {
			isa = PBXSourcesBuildPhase;
			buildActionMask = 2147483647;
			files = (
				B21790EA2918D6F300C8ED09 /* CleanSecondUITestsLaunchTests.swift in Sources */,
				B21790E82918D6F300C8ED09 /* CleanSecondUITests.swift in Sources */,
			);
			runOnlyForDeploymentPostprocessing = 0;
		};
/* End PBXSourcesBuildPhase section */

/* Begin PBXTargetDependency section */
		B21790DB2918D6F300C8ED09 /* PBXTargetDependency */ = {
			isa = PBXTargetDependency;
			target = B21790C82918D6EF00C8ED09 /* CleanSecond */;
			targetProxy = B21790DA2918D6F300C8ED09 /* PBXContainerItemProxy */;
		};
		B21790E52918D6F300C8ED09 /* PBXTargetDependency */ = {
			isa = PBXTargetDependency;
			target = B21790C82918D6EF00C8ED09 /* CleanSecond */;
			targetProxy = B21790E42918D6F300C8ED09 /* PBXContainerItemProxy */;
		};
/* End PBXTargetDependency section */

/* Begin XCBuildConfiguration section */
		B21790EB2918D6F300C8ED09 /* Debug */ = {
			isa = XCBuildConfiguration;
			buildSettings = {
				ALWAYS_SEARCH_USER_PATHS = NO;
				CLANG_ANALYZER_NONNULL = YES;
				CLANG_ANALYZER_NUMBER_OBJECT_CONVERSION = YES_AGGRESSIVE;
				CLANG_CXX_LANGUAGE_STANDARD = "gnu++20";
				CLANG_ENABLE_MODULES = YES;
				CLANG_ENABLE_OBJC_ARC = YES;
				CLANG_ENABLE_OBJC_WEAK = YES;
				CLANG_WARN_BLOCK_CAPTURE_AUTORELEASING = YES;
				CLANG_WARN_BOOL_CONVERSION = YES;
				CLANG_WARN_COMMA = YES;
				CLANG_WARN_CONSTANT_CONVERSION = YES;
				CLANG_WARN_DEPRECATED_OBJC_IMPLEMENTATIONS = YES;
				CLANG_WARN_DIRECT_OBJC_ISA_USAGE = YES_ERROR;
				CLANG_WARN_DOCUMENTATION_COMMENTS = YES;
				CLANG_WARN_EMPTY_BODY = YES;
				CLANG_WARN_ENUM_CONVERSION = YES;
				CLANG_WARN_INFINITE_RECURSION = YES;
				CLANG_WARN_INT_CONVERSION = YES;
				CLANG_WARN_NON_LITERAL_NULL_CONVERSION = YES;
				CLANG_WARN_OBJC_IMPLICIT_RETAIN_SELF = YES;
				CLANG_WARN_OBJC_LITERAL_CONVERSION = YES;
				CLANG_WARN_OBJC_ROOT_CLASS = YES_ERROR;
				CLANG_WARN_QUOTED_INCLUDE_IN_FRAMEWORK_HEADER = YES;
				CLANG_WARN_RANGE_LOOP_ANALYSIS = YES;
				CLANG_WARN_STRICT_PROTOTYPES = YES;
				CLANG_WARN_SUSPICIOUS_MOVE = YES;
				CLANG_WARN_UNGUARDED_AVAILABILITY = YES_AGGRESSIVE;
				CLANG_WARN_UNREACHABLE_CODE = YES;
				CLANG_WARN__DUPLICATE_METHOD_MATCH = YES;
				COPY_PHASE_STRIP = NO;
				DEBUG_INFORMATION_FORMAT = dwarf;
				DEVELOPMENT_ASSET_PATHS = "\"Preview Content\"";
				ENABLE_STRICT_OBJC_MSGSEND = YES;
				ENABLE_TESTABILITY = YES;
				GCC_C_LANGUAGE_STANDARD = gnu11;
				GCC_DYNAMIC_NO_PIC = NO;
				GCC_NO_COMMON_BLOCKS = YES;
				GCC_OPTIMIZATION_LEVEL = 0;
				GCC_PREPROCESSOR_DEFINITIONS = (
					"DEBUG=1",
					"$(inherited)",
				);
				GCC_WARN_64_TO_32_BIT_CONVERSION = YES;
				GCC_WARN_ABOUT_RETURN_TYPE = YES_ERROR;
				GCC_WARN_UNDECLARED_SELECTOR = YES;
				GCC_WARN_UNINITIALIZED_AUTOS = YES_AGGRESSIVE;
				GCC_WARN_UNUSED_FUNCTION = YES;
				GCC_WARN_UNUSED_VARIABLE = YES;
				IPHONEOS_DEPLOYMENT_TARGET = 16.1;
				MTL_ENABLE_DEBUG_INFO = INCLUDE_SOURCE;
				MTL_FAST_MATH = YES;
				ONLY_ACTIVE_ARCH = YES;
				SDKROOT = iphoneos;
				SWIFT_ACTIVE_COMPILATION_CONDITIONS = DEBUG;
				SWIFT_OPTIMIZATION_LEVEL = "-Onone";
			};
			name = Debug;
		};
		B21790EC2918D6F300C8ED09 /* Release */ = {
			isa = XCBuildConfiguration;
			buildSettings = {
				ALWAYS_SEARCH_USER_PATHS = NO;
				CLANG_ANALYZER_NONNULL = YES;
				CLANG_ANALYZER_NUMBER_OBJECT_CONVERSION = YES_AGGRESSIVE;
				CLANG_CXX_LANGUAGE_STANDARD = "gnu++20";
				CLANG_ENABLE_MODULES = YES;
				CLANG_ENABLE_OBJC_ARC = YES;
				CLANG_ENABLE_OBJC_WEAK = YES;
				CLANG_WARN_BLOCK_CAPTURE_AUTORELEASING = YES;
				CLANG_WARN_BOOL_CONVERSION = YES;
				CLANG_WARN_COMMA = YES;
				CLANG_WARN_CONSTANT_CONVERSION = YES;
				CLANG_WARN_DEPRECATED_OBJC_IMPLEMENTATIONS = YES;
				CLANG_WARN_DIRECT_OBJC_ISA_USAGE = YES_ERROR;
				CLANG_WARN_DOCUMENTATION_COMMENTS = YES;
				CLANG_WARN_EMPTY_BODY = YES;
				CLANG_WARN_ENUM_CONVERSION = YES;
				CLANG_WARN_INFINITE_RECURSION = YES;
				CLANG_WARN_INT_CONVERSION = YES;
				CLANG_WARN_NON_LITERAL_NULL_CONVERSION = YES;
				CLANG_WARN_OBJC_IMPLICIT_RETAIN_SELF = YES;
				CLANG_WARN_OBJC_LITERAL_CONVERSION = YES;
				CLANG_WARN_OBJC_ROOT_CLASS = YES_ERROR;
				CLANG_WARN_QUOTED_INCLUDE_IN_FRAMEWORK_HEADER = YES;
				CLANG_WARN_RANGE_LOOP_ANALYSIS = YES;
				CLANG_WARN_STRICT_PROTOTYPES = YES;
				CLANG_WARN_SUSPICIOUS_MOVE = YES;
				CLANG_WARN_UNGUARDED_AVAILABILITY = YES_AGGRESSIVE;
				CLANG_WARN_UNREACHABLE_CODE = YES;
				CLANG_WARN__DUPLICATE_METHOD_MATCH = YES;
				COPY_PHASE_STRIP = NO;
				DEBUG_INFORMATION_FORMAT = "dwarf-with-dsym";
				DEVELOPMENT_ASSET_PATHS = "\"Preview Content\"";
				ENABLE_NS_ASSERTIONS = NO;
				ENABLE_STRICT_OBJC_MSGSEND = YES;
				GCC_C_LANGUAGE_STANDARD = gnu11;
				GCC_NO_COMMON_BLOCKS = YES;
				GCC_WARN_64_TO_32_BIT_CONVERSION = YES;
				GCC_WARN_ABOUT_RETURN_TYPE = YES_ERROR;
				GCC_WARN_UNDECLARED_SELECTOR = YES;
				GCC_WARN_UNINITIALIZED_AUTOS = YES_AGGRESSIVE;
				GCC_WARN_UNUSED_FUNCTION = YES;
				GCC_WARN_UNUSED_VARIABLE = YES;
				IPHONEOS_DEPLOYMENT_TARGET = 16.1;
				MTL_ENABLE_DEBUG_INFO = NO;
				MTL_FAST_MATH = YES;
				SDKROOT = iphoneos;
				SWIFT_COMPILATION_MODE = wholemodule;
				SWIFT_OPTIMIZATION_LEVEL = "-O";
				VALIDATE_PRODUCT = YES;
			};
			name = Release;
		};
		B21790EE2918D6F300C8ED09 /* Debug */ = {
			isa = XCBuildConfiguration;
			buildSettings = {
				ASSETCATALOG_COMPILER_APPICON_NAME = AppIcon;
				ASSETCATALOG_COMPILER_GLOBAL_ACCENT_COLOR_NAME = AccentColor;
				CLANG_ENABLE_MODULES = YES;
				CODE_SIGN_STYLE = Automatic;
				CURRENT_PROJECT_VERSION = 1;
				DEVELOPMENT_ASSET_PATHS = "\"Preview Content\"";
				ENABLE_PREVIEWS = YES;
				GENERATE_INFOPLIST_FILE = YES;
				INFOPLIST_KEY_UIApplicationSceneManifest_Generation = YES;
				INFOPLIST_KEY_UIApplicationSupportsIndirectInputEvents = YES;
				INFOPLIST_KEY_UILaunchScreen_Generation = YES;
				INFOPLIST_KEY_UISupportedInterfaceOrientations_iPad = "UIInterfaceOrientationPortrait UIInterfaceOrientationPortraitUpsideDown UIInterfaceOrientationLandscapeLeft UIInterfaceOrientationLandscapeRight";
				INFOPLIST_KEY_UISupportedInterfaceOrientations_iPhone = "UIInterfaceOrientationPortrait UIInterfaceOrientationLandscapeLeft UIInterfaceOrientationLandscapeRight";
				LD_RUNPATH_SEARCH_PATHS = (
					"$(inherited)",
					"@executable_path/Frameworks",
				);
				MARKETING_VERSION = 1.0;
				PRODUCT_BUNDLE_IDENTIFIER = app.CleanSecond;
				PRODUCT_NAME = "$(TARGET_NAME)";
				SWIFT_EMIT_LOC_STRINGS = YES;
				SWIFT_OPTIMIZATION_LEVEL = "-Onone";
				SWIFT_VERSION = 5.0;
				TARGETED_DEVICE_FAMILY = "1,2";
			};
			name = Debug;
		};
		B21790EF2918D6F300C8ED09 /* Release */ = {
			isa = XCBuildConfiguration;
			buildSettings = {
				ASSETCATALOG_COMPILER_APPICON_NAME = AppIcon;
				ASSETCATALOG_COMPILER_GLOBAL_ACCENT_COLOR_NAME = AccentColor;
				CLANG_ENABLE_MODULES = YES;
				CODE_SIGN_STYLE = Automatic;
				CURRENT_PROJECT_VERSION = 1;
				DEVELOPMENT_ASSET_PATHS = "\"Preview Content\"";
				ENABLE_PREVIEWS = YES;
				GENERATE_INFOPLIST_FILE = YES;
				INFOPLIST_KEY_UIApplicationSceneManifest_Generation = YES;
				INFOPLIST_KEY_UIApplicationSupportsIndirectInputEvents = YES;
				INFOPLIST_KEY_UILaunchScreen_Generation = YES;
				INFOPLIST_KEY_UISupportedInterfaceOrientations_iPad = "UIInterfaceOrientationPortrait UIInterfaceOrientationPortraitUpsideDown UIInterfaceOrientationLandscapeLeft UIInterfaceOrientationLandscapeRight";
				INFOPLIST_KEY_UISupportedInterfaceOrientations_iPhone = "UIInterfaceOrientationPortrait UIInterfaceOrientationLandscapeLeft UIInterfaceOrientationLandscapeRight";
				LD_RUNPATH_SEARCH_PATHS = (
					"$(inherited)",
					"@executable_path/Frameworks",
				);
				MARKETING_VERSION = 1.0;
				PRODUCT_BUNDLE_IDENTIFIER = app.CleanSecond;
				PRODUCT_NAME = "$(TARGET_NAME)";
				SWIFT_EMIT_LOC_STRINGS = YES;
				SWIFT_VERSION = 5.0;
				TARGETED_DEVICE_FAMILY = "1,2";
			};
			name = Release;
		};
		B21790F12918D6F300C8ED09 /* Debug */ = {
			isa = XCBuildConfiguration;
			buildSettings = {
				ALWAYS_EMBED_SWIFT_STANDARD_LIBRARIES = YES;
				BUNDLE_LOADER = "$(TEST_HOST)";
				CODE_SIGN_STYLE = Automatic;
				CURRENT_PROJECT_VERSION = 1;
				GENERATE_INFOPLIST_FILE = YES;
				IPHONEOS_DEPLOYMENT_TARGET = 16.1;
				MARKETING_VERSION = 1.0;
				PRODUCT_BUNDLE_IDENTIFIER = app.CleanSecondTests;
				PRODUCT_NAME = "$(TARGET_NAME)";
				SWIFT_EMIT_LOC_STRINGS = NO;
				SWIFT_VERSION = 5.0;
				TARGETED_DEVICE_FAMILY = "1,2";
				TEST_HOST = "$(BUILT_PRODUCTS_DIR)/CleanSecond.app/$(BUNDLE_EXECUTABLE_FOLDER_PATH)/CleanSecond";
			};
			name = Debug;
		};
		B21790F22918D6F300C8ED09 /* Release */ = {
			isa = XCBuildConfiguration;
			buildSettings = {
				ALWAYS_EMBED_SWIFT_STANDARD_LIBRARIES = YES;
				BUNDLE_LOADER = "$(TEST_HOST)";
				CODE_SIGN_STYLE = Automatic;
				CURRENT_PROJECT_VERSION = 1;
				GENERATE_INFOPLIST_FILE = YES;
				IPHONEOS_DEPLOYMENT_TARGET = 16.1;
				MARKETING_VERSION = 1.0;
				PRODUCT_BUNDLE_IDENTIFIER = app.CleanSecondTests;
				PRODUCT_NAME = "$(TARGET_NAME)";
				SWIFT_EMIT_LOC_STRINGS = NO;
				SWIFT_VERSION = 5.0;
				TARGETED_DEVICE_FAMILY = "1,2";
				TEST_HOST = "$(BUILT_PRODUCTS_DIR)/CleanSecond.app/$(BUNDLE_EXECUTABLE_FOLDER_PATH)/CleanSecond";
			};
			name = Release;
		};
		B21790F42918D6F300C8ED09 /* Debug */ = {
			isa = XCBuildConfiguration;
			buildSettings = {
				ALWAYS_EMBED_SWIFT_STANDARD_LIBRARIES = YES;
				CODE_SIGN_STYLE = Automatic;
				CURRENT_PROJECT_VERSION = 1;
				GENERATE_INFOPLIST_FILE = YES;
				MARKETING_VERSION = 1.0;
				PRODUCT_BUNDLE_IDENTIFIER = app.CleanSecondUITests;
				PRODUCT_NAME = "$(TARGET_NAME)";
				SWIFT_EMIT_LOC_STRINGS = NO;
				SWIFT_VERSION = 5.0;
				TARGETED_DEVICE_FAMILY = "1,2";
				TEST_TARGET_NAME = CleanSecond;
			};
			name = Debug;
		};
		B21790F52918D6F300C8ED09 /* Release */ = {
			isa = XCBuildConfiguration;
			buildSettings = {
				ALWAYS_EMBED_SWIFT_STANDARD_LIBRARIES = YES;
				CODE_SIGN_STYLE = Automatic;
				CURRENT_PROJECT_VERSION = 1;
				GENERATE_INFOPLIST_FILE = YES;
				MARKETING_VERSION = 1.0;
				PRODUCT_BUNDLE_IDENTIFIER = app.CleanSecondUITests;
				PRODUCT_NAME = "$(TARGET_NAME)";
				SWIFT_EMIT_LOC_STRINGS = NO;
				SWIFT_VERSION = 5.0;
				TARGETED_DEVICE_FAMILY = "1,2";
				TEST_TARGET_NAME = CleanSecond;
			};
			name = Release;
		};
/* End XCBuildConfiguration section */

/* Begin XCConfigurationList section */
		B21790C42918D6EF00C8ED09 /* Build configuration list for PBXProject "CleanSecond" */ = {
			isa = XCConfigurationList;
			buildConfigurations = (
				B21790EB2918D6F300C8ED09 /* Debug */,
				B21790EC2918D6F300C8ED09 /* Release */,
			);
			defaultConfigurationIsVisible = 0;
			defaultConfigurationName = Release;
		};
		B21790ED2918D6F300C8ED09 /* Build configuration list for PBXNativeTarget "CleanSecond" */ = {
			isa = XCConfigurationList;
			buildConfigurations = (
				B21790EE2918D6F300C8ED09 /* Debug */,
				B21790EF2918D6F300C8ED09 /* Release */,
			);
			defaultConfigurationIsVisible = 0;
			defaultConfigurationName = Release;
		};
		B21790F02918D6F300C8ED09 /* Build configuration list for PBXNativeTarget "CleanSecondTests" */ = {
			isa = XCConfigurationList;
			buildConfigurations = (
				B21790F12918D6F300C8ED09 /* Debug */,
				B21790F22918D6F300C8ED09 /* Release */,
			);
			defaultConfigurationIsVisible = 0;
			defaultConfigurationName = Release;
		};
		B21790F32918D6F300C8ED09 /* Build configuration list for PBXNativeTarget "CleanSecondUITests" */ = {
			isa = XCConfigurationList;
			buildConfigurations = (
				B21790F42918D6F300C8ED09 /* Debug */,
				B21790F52918D6F300C8ED09 /* Release */,
			);
			defaultConfigurationIsVisible = 0;
			defaultConfigurationName = Release;
		};
/* End XCConfigurationList section */
	};
	rootObject = B21790C12918D6EF00C8ED09 /* Project object */;
}
